#MicroXplorer Configuration settings - do not modify
Dma.Request0=USART2_RX
Dma.Request1=USART2_TX
Dma.Request10=USART1_TX
Dma.Request11=USART1_RX
Dma.Request12=USART6_RX
Dma.Request13=USART6_TX
Dma.Request2=SPI2_RX
Dma.Request3=SPI2_TX
Dma.Request4=SPI3_RX
Dma.Request5=SPI3_TX
Dma.Request6=SPI4_RX
Dma.Request7=SPI4_TX
Dma.Request8=SPI1_RX
Dma.Request9=SPI1_TX
Dma.RequestsNb=14
Dma.SPI1_RX.8.Direction=DMA_PERIPH_TO_MEMORY
Dma.SPI1_RX.8.FIFOMode=DMA_FIFOMODE_ENABLE
Dma.SPI1_RX.8.FIFOThreshold=DMA_FIFO_THRESHOLD_FULL
Dma.SPI1_RX.8.Instance=DMA2_Stream2
Dma.SPI1_RX.8.MemBurst=DMA_MBURST_SINGLE
Dma.SPI1_RX.8.MemDataAlignment=DMA_MDATAALIGN_BYTE
Dma.SPI1_RX.8.MemInc=DMA_MINC_ENABLE
Dma.SPI1_RX.8.Mode=DMA_NORMAL
Dma.SPI1_RX.8.PeriphBurst=DMA_PBURST_SINGLE
Dma.SPI1_RX.8.PeriphDataAlignment=DMA_PDATAALIGN_BYTE
Dma.SPI1_RX.8.PeriphInc=DMA_PINC_DISABLE
Dma.SPI1_RX.8.Priority=DMA_PRIORITY_VERY_HIGH
Dma.SPI1_RX.8.RequestParameters=Instance,Direction,PeriphInc,MemInc,PeriphDataAlignment,MemDataAlignment,Mode,Priority,FIFOMode,FIFOThreshold,MemBurst,PeriphBurst
Dma.SPI1_TX.9.Direction=DMA_MEMORY_TO_PERIPH
Dma.SPI1_TX.9.FIFOMode=DMA_FIFOMODE_ENABLE
Dma.SPI1_TX.9.FIFOThreshold=DMA_FIFO_THRESHOLD_FULL
Dma.SPI1_TX.9.Instance=DMA2_Stream3
Dma.SPI1_TX.9.MemBurst=DMA_MBURST_SINGLE
Dma.SPI1_TX.9.MemDataAlignment=DMA_MDATAALIGN_BYTE
Dma.SPI1_TX.9.MemInc=DMA_MINC_ENABLE
Dma.SPI1_TX.9.Mode=DMA_NORMAL
Dma.SPI1_TX.9.PeriphBurst=DMA_PBURST_SINGLE
Dma.SPI1_TX.9.PeriphDataAlignment=DMA_PDATAALIGN_BYTE
Dma.SPI1_TX.9.PeriphInc=DMA_PINC_DISABLE
Dma.SPI1_TX.9.Priority=DMA_PRIORITY_VERY_HIGH
Dma.SPI1_TX.9.RequestParameters=Instance,Direction,PeriphInc,MemInc,PeriphDataAlignment,MemDataAlignment,Mode,Priority,FIFOMode,FIFOThreshold,MemBurst,PeriphBurst
Dma.SPI2_RX.2.Direction=DMA_PERIPH_TO_MEMORY
Dma.SPI2_RX.2.FIFOMode=DMA_FIFOMODE_ENABLE
Dma.SPI2_RX.2.FIFOThreshold=DMA_FIFO_THRESHOLD_FULL
Dma.SPI2_RX.2.Instance=DMA1_Stream3
Dma.SPI2_RX.2.MemBurst=DMA_MBURST_SINGLE
Dma.SPI2_RX.2.MemDataAlignment=DMA_MDATAALIGN_BYTE
Dma.SPI2_RX.2.MemInc=DMA_MINC_ENABLE
Dma.SPI2_RX.2.Mode=DMA_NORMAL
Dma.SPI2_RX.2.PeriphBurst=DMA_PBURST_SINGLE
Dma.SPI2_RX.2.PeriphDataAlignment=DMA_PDATAALIGN_BYTE
Dma.SPI2_RX.2.PeriphInc=DMA_PINC_DISABLE
Dma.SPI2_RX.2.Priority=DMA_PRIORITY_VERY_HIGH
Dma.SPI2_RX.2.RequestParameters=Instance,Direction,PeriphInc,MemInc,PeriphDataAlignment,MemDataAlignment,Mode,Priority,FIFOMode,FIFOThreshold,MemBurst,PeriphBurst
Dma.SPI2_TX.3.Direction=DMA_MEMORY_TO_PERIPH
Dma.SPI2_TX.3.FIFOMode=DMA_FIFOMODE_ENABLE
Dma.SPI2_TX.3.FIFOThreshold=DMA_FIFO_THRESHOLD_FULL
Dma.SPI2_TX.3.Instance=DMA1_Stream4
Dma.SPI2_TX.3.MemBurst=DMA_MBURST_SINGLE
Dma.SPI2_TX.3.MemDataAlignment=DMA_MDATAALIGN_BYTE
Dma.SPI2_TX.3.MemInc=DMA_MINC_ENABLE
Dma.SPI2_TX.3.Mode=DMA_NORMAL
Dma.SPI2_TX.3.PeriphBurst=DMA_PBURST_SINGLE
Dma.SPI2_TX.3.PeriphDataAlignment=DMA_PDATAALIGN_BYTE
Dma.SPI2_TX.3.PeriphInc=DMA_PINC_DISABLE
Dma.SPI2_TX.3.Priority=DMA_PRIORITY_VERY_HIGH
Dma.SPI2_TX.3.RequestParameters=Instance,Direction,PeriphInc,MemInc,PeriphDataAlignment,MemDataAlignment,Mode,Priority,FIFOMode,FIFOThreshold,MemBurst,PeriphBurst
Dma.SPI3_RX.4.Direction=DMA_PERIPH_TO_MEMORY
Dma.SPI3_RX.4.FIFOMode=DMA_FIFOMODE_ENABLE
Dma.SPI3_RX.4.FIFOThreshold=DMA_FIFO_THRESHOLD_FULL
Dma.SPI3_RX.4.Instance=DMA1_Stream0
Dma.SPI3_RX.4.MemBurst=DMA_MBURST_SINGLE
Dma.SPI3_RX.4.MemDataAlignment=DMA_MDATAALIGN_BYTE
Dma.SPI3_RX.4.MemInc=DMA_MINC_ENABLE
Dma.SPI3_RX.4.Mode=DMA_NORMAL
Dma.SPI3_RX.4.PeriphBurst=DMA_PBURST_SINGLE
Dma.SPI3_RX.4.PeriphDataAlignment=DMA_PDATAALIGN_BYTE
Dma.SPI3_RX.4.PeriphInc=DMA_PINC_DISABLE
Dma.SPI3_RX.4.Priority=DMA_PRIORITY_VERY_HIGH
Dma.SPI3_RX.4.RequestParameters=Instance,Direction,PeriphInc,MemInc,PeriphDataAlignment,MemDataAlignment,Mode,Priority,FIFOMode,FIFOThreshold,MemBurst,PeriphBurst
Dma.SPI3_TX.5.Direction=DMA_MEMORY_TO_PERIPH
Dma.SPI3_TX.5.FIFOMode=DMA_FIFOMODE_ENABLE
Dma.SPI3_TX.5.FIFOThreshold=DMA_FIFO_THRESHOLD_FULL
Dma.SPI3_TX.5.Instance=DMA1_Stream7
Dma.SPI3_TX.5.MemBurst=DMA_MBURST_SINGLE
Dma.SPI3_TX.5.MemDataAlignment=DMA_MDATAALIGN_BYTE
Dma.SPI3_TX.5.MemInc=DMA_MINC_ENABLE
Dma.SPI3_TX.5.Mode=DMA_NORMAL
Dma.SPI3_TX.5.PeriphBurst=DMA_PBURST_SINGLE
Dma.SPI3_TX.5.PeriphDataAlignment=DMA_PDATAALIGN_BYTE
Dma.SPI3_TX.5.PeriphInc=DMA_PINC_DISABLE
Dma.SPI3_TX.5.Priority=DMA_PRIORITY_VERY_HIGH
Dma.SPI3_TX.5.RequestParameters=Instance,Direction,PeriphInc,MemInc,PeriphDataAlignment,MemDataAlignment,Mode,Priority,FIFOMode,FIFOThreshold,MemBurst,PeriphBurst
Dma.SPI4_RX.6.Direction=DMA_PERIPH_TO_MEMORY
Dma.SPI4_RX.6.FIFOMode=DMA_FIFOMODE_ENABLE
Dma.SPI4_RX.6.FIFOThreshold=DMA_FIFO_THRESHOLD_FULL
Dma.SPI4_RX.6.Instance=DMA2_Stream0
Dma.SPI4_RX.6.MemBurst=DMA_MBURST_SINGLE
Dma.SPI4_RX.6.MemDataAlignment=DMA_MDATAALIGN_BYTE
Dma.SPI4_RX.6.MemInc=DMA_MINC_ENABLE
Dma.SPI4_RX.6.Mode=DMA_NORMAL
Dma.SPI4_RX.6.PeriphBurst=DMA_PBURST_SINGLE
Dma.SPI4_RX.6.PeriphDataAlignment=DMA_PDATAALIGN_BYTE
Dma.SPI4_RX.6.PeriphInc=DMA_PINC_DISABLE
Dma.SPI4_RX.6.Priority=DMA_PRIORITY_VERY_HIGH
Dma.SPI4_RX.6.RequestParameters=Instance,Direction,PeriphInc,MemInc,PeriphDataAlignment,MemDataAlignment,Mode,Priority,FIFOMode,FIFOThreshold,MemBurst,PeriphBurst
Dma.SPI4_TX.7.Direction=DMA_MEMORY_TO_PERIPH
Dma.SPI4_TX.7.FIFOMode=DMA_FIFOMODE_ENABLE
Dma.SPI4_TX.7.FIFOThreshold=DMA_FIFO_THRESHOLD_FULL
Dma.SPI4_TX.7.Instance=DMA2_Stream4
Dma.SPI4_TX.7.MemBurst=DMA_MBURST_SINGLE
Dma.SPI4_TX.7.MemDataAlignment=DMA_MDATAALIGN_BYTE
Dma.SPI4_TX.7.MemInc=DMA_MINC_ENABLE
Dma.SPI4_TX.7.Mode=DMA_NORMAL
Dma.SPI4_TX.7.PeriphBurst=DMA_PBURST_SINGLE
Dma.SPI4_TX.7.PeriphDataAlignment=DMA_PDATAALIGN_BYTE
Dma.SPI4_TX.7.PeriphInc=DMA_PINC_DISABLE
Dma.SPI4_TX.7.Priority=DMA_PRIORITY_VERY_HIGH
Dma.SPI4_TX.7.RequestParameters=Instance,Direction,PeriphInc,MemInc,PeriphDataAlignment,MemDataAlignment,Mode,Priority,FIFOMode,FIFOThreshold,MemBurst,PeriphBurst
Dma.USART1_RX.11.Direction=DMA_PERIPH_TO_MEMORY
Dma.USART1_RX.11.FIFOMode=DMA_FIFOMODE_ENABLE
Dma.USART1_RX.11.FIFOThreshold=DMA_FIFO_THRESHOLD_FULL
Dma.USART1_RX.11.Instance=DMA2_Stream5
Dma.USART1_RX.11.MemBurst=DMA_MBURST_SINGLE
Dma.USART1_RX.11.MemDataAlignment=DMA_MDATAALIGN_BYTE
Dma.USART1_RX.11.MemInc=DMA_MINC_ENABLE
Dma.USART1_RX.11.Mode=DMA_NORMAL
Dma.USART1_RX.11.PeriphBurst=DMA_PBURST_SINGLE
Dma.USART1_RX.11.PeriphDataAlignment=DMA_PDATAALIGN_BYTE
Dma.USART1_RX.11.PeriphInc=DMA_PINC_DISABLE
Dma.USART1_RX.11.Priority=DMA_PRIORITY_LOW
Dma.USART1_RX.11.RequestParameters=Instance,Direction,PeriphInc,MemInc,PeriphDataAlignment,MemDataAlignment,Mode,Priority,FIFOMode,FIFOThreshold,MemBurst,PeriphBurst
Dma.USART1_TX.10.Direction=DMA_MEMORY_TO_PERIPH
Dma.USART1_TX.10.FIFOMode=DMA_FIFOMODE_ENABLE
Dma.USART1_TX.10.FIFOThreshold=DMA_FIFO_THRESHOLD_FULL
Dma.USART1_TX.10.Instance=DMA2_Stream7
Dma.USART1_TX.10.MemBurst=DMA_MBURST_SINGLE
Dma.USART1_TX.10.MemDataAlignment=DMA_MDATAALIGN_BYTE
Dma.USART1_TX.10.MemInc=DMA_MINC_ENABLE
Dma.USART1_TX.10.Mode=DMA_NORMAL
Dma.USART1_TX.10.PeriphBurst=DMA_PBURST_SINGLE
Dma.USART1_TX.10.PeriphDataAlignment=DMA_PDATAALIGN_BYTE
Dma.USART1_TX.10.PeriphInc=DMA_PINC_DISABLE
Dma.USART1_TX.10.Priority=DMA_PRIORITY_LOW
Dma.USART1_TX.10.RequestParameters=Instance,Direction,PeriphInc,MemInc,PeriphDataAlignment,MemDataAlignment,Mode,Priority,FIFOMode,FIFOThreshold,MemBurst,PeriphBurst
Dma.USART2_RX.0.Direction=DMA_PERIPH_TO_MEMORY
Dma.USART2_RX.0.FIFOMode=DMA_FIFOMODE_ENABLE
Dma.USART2_RX.0.FIFOThreshold=DMA_FIFO_THRESHOLD_FULL
Dma.USART2_RX.0.Instance=DMA1_Stream5
Dma.USART2_RX.0.MemBurst=DMA_MBURST_SINGLE
Dma.USART2_RX.0.MemDataAlignment=DMA_MDATAALIGN_BYTE
Dma.USART2_RX.0.MemInc=DMA_MINC_ENABLE
Dma.USART2_RX.0.Mode=DMA_NORMAL
Dma.USART2_RX.0.PeriphBurst=DMA_PBURST_SINGLE
Dma.USART2_RX.0.PeriphDataAlignment=DMA_PDATAALIGN_BYTE
Dma.USART2_RX.0.PeriphInc=DMA_PINC_DISABLE
Dma.USART2_RX.0.Priority=DMA_PRIORITY_LOW
Dma.USART2_RX.0.RequestParameters=Instance,Direction,PeriphInc,MemInc,PeriphDataAlignment,MemDataAlignment,Mode,Priority,FIFOMode,FIFOThreshold,MemBurst,PeriphBurst
Dma.USART2_TX.1.Direction=DMA_MEMORY_TO_PERIPH
Dma.USART2_TX.1.FIFOMode=DMA_FIFOMODE_ENABLE
Dma.USART2_TX.1.FIFOThreshold=DMA_FIFO_THRESHOLD_FULL
Dma.USART2_TX.1.Instance=DMA1_Stream6
Dma.USART2_TX.1.MemBurst=DMA_MBURST_SINGLE
Dma.USART2_TX.1.MemDataAlignment=DMA_MDATAALIGN_BYTE
Dma.USART2_TX.1.MemInc=DMA_MINC_ENABLE
Dma.USART2_TX.1.Mode=DMA_NORMAL
Dma.USART2_TX.1.PeriphBurst=DMA_PBURST_SINGLE
Dma.USART2_TX.1.PeriphDataAlignment=DMA_PDATAALIGN_BYTE
Dma.USART2_TX.1.PeriphInc=DMA_PINC_DISABLE
Dma.USART2_TX.1.Priority=DMA_PRIORITY_LOW
Dma.USART2_TX.1.RequestParameters=Instance,Direction,PeriphInc,MemInc,PeriphDataAlignment,MemDataAlignment,Mode,Priority,FIFOMode,FIFOThreshold,MemBurst,PeriphBurst
Dma.USART6_RX.12.Direction=DMA_PERIPH_TO_MEMORY
Dma.USART6_RX.12.FIFOMode=DMA_FIFOMODE_ENABLE
Dma.USART6_RX.12.FIFOThreshold=DMA_FIFO_THRESHOLD_FULL
Dma.USART6_RX.12.Instance=DMA2_Stream1
Dma.USART6_RX.12.MemBurst=DMA_MBURST_SINGLE
Dma.USART6_RX.12.MemDataAlignment=DMA_MDATAALIGN_BYTE
Dma.USART6_RX.12.MemInc=DMA_MINC_ENABLE
Dma.USART6_RX.12.Mode=DMA_NORMAL
Dma.USART6_RX.12.PeriphBurst=DMA_PBURST_SINGLE
Dma.USART6_RX.12.PeriphDataAlignment=DMA_PDATAALIGN_BYTE
Dma.USART6_RX.12.PeriphInc=DMA_PINC_DISABLE
Dma.USART6_RX.12.Priority=DMA_PRIORITY_LOW
Dma.USART6_RX.12.RequestParameters=Instance,Direction,PeriphInc,MemInc,PeriphDataAlignment,MemDataAlignment,Mode,Priority,FIFOMode,FIFOThreshold,MemBurst,PeriphBurst
Dma.USART6_TX.13.Direction=DMA_MEMORY_TO_PERIPH
Dma.USART6_TX.13.FIFOMode=DMA_FIFOMODE_ENABLE
Dma.USART6_TX.13.FIFOThreshold=DMA_FIFO_THRESHOLD_FULL
Dma.USART6_TX.13.Instance=DMA2_Stream6
Dma.USART6_TX.13.MemBurst=DMA_MBURST_SINGLE
Dma.USART6_TX.13.MemDataAlignment=DMA_MDATAALIGN_BYTE
Dma.USART6_TX.13.MemInc=DMA_MINC_ENABLE
Dma.USART6_TX.13.Mode=DMA_NORMAL
Dma.USART6_TX.13.PeriphBurst=DMA_PBURST_SINGLE
Dma.USART6_TX.13.PeriphDataAlignment=DMA_PDATAALIGN_BYTE
Dma.USART6_TX.13.PeriphInc=DMA_PINC_DISABLE
Dma.USART6_TX.13.Priority=DMA_PRIORITY_LOW
Dma.USART6_TX.13.RequestParameters=Instance,Direction,PeriphInc,MemInc,PeriphDataAlignment,MemDataAlignment,Mode,Priority,FIFOMode,FIFOThreshold,MemBurst,PeriphBurst
File.Version=6
KeepUserPlacement=false
Mcu.Family=STM32F4
Mcu.IP0=DMA
Mcu.IP1=NVIC
Mcu.IP10=USART6
Mcu.IP2=RCC
Mcu.IP3=SPI1
Mcu.IP4=SPI2
Mcu.IP5=SPI3
Mcu.IP6=SPI4
Mcu.IP7=SYS
Mcu.IP8=USART1
Mcu.IP9=USART2
Mcu.IPNb=11
Mcu.Name=STM32F427V(G-I)Tx
Mcu.Package=LQFP100
Mcu.Pin0=PE2
Mcu.Pin1=PE3
Mcu.Pin10=PA2
Mcu.Pin11=PA3
Mcu.Pin12=PA4
Mcu.Pin13=PA5
Mcu.Pin14=PA6
Mcu.Pin15=PA7
Mcu.Pin16=PC4
Mcu.Pin17=PC5
Mcu.Pin18=PB0
Mcu.Pin19=PB1
Mcu.Pin2=PE4
Mcu.Pin20=PB10
Mcu.Pin21=PB11
Mcu.Pin22=PB12
Mcu.Pin23=PB13
Mcu.Pin24=PB14
Mcu.Pin25=PB15
Mcu.Pin26=PD12
Mcu.Pin27=PD13
Mcu.Pin28=PC6
Mcu.Pin29=PC7
Mcu.Pin3=PE5
Mcu.Pin30=PA8
Mcu.Pin31=PA9
Mcu.Pin32=PA10
Mcu.Pin33=PA11
Mcu.Pin34=PA12
Mcu.Pin35=PA13
Mcu.Pin36=PA14
Mcu.Pin37=PA15
Mcu.Pin38=PD3
Mcu.Pin39=PD6
Mcu.Pin4=PE6
Mcu.Pin40=PB3
Mcu.Pin41=PB4
Mcu.Pin42=PB5
Mcu.Pin43=PB6
Mcu.Pin44=PB7
Mcu.Pin45=PE0
Mcu.Pin46=PE1
Mcu.Pin47=VP_SYS_VS_Systick
Mcu.Pin5=PC13
Mcu.Pin6=PH0/OSC_IN
Mcu.Pin7=PH1/OSC_OUT
Mcu.Pin8=PA0/WKUP
Mcu.Pin9=PA1
Mcu.PinsNb=48
Mcu.UserConstants=
Mcu.UserName=STM32F427VITx
MxCube.Version=4.18.0
MxDb.Version=DB.4.0.180
NVIC.BusFault_IRQn=true\:0\:0\:false\:false\:true
NVIC.DMA1_Stream0_IRQn=true\:0\:0\:false\:false\:true
NVIC.DMA1_Stream3_IRQn=true\:0\:0\:false\:false\:true
NVIC.DMA1_Stream4_IRQn=true\:0\:0\:false\:false\:true
NVIC.DMA1_Stream5_IRQn=true\:0\:0\:false\:false\:true
NVIC.DMA1_Stream6_IRQn=true\:0\:0\:false\:false\:true
NVIC.DMA1_Stream7_IRQn=true\:0\:0\:false\:false\:true
NVIC.DMA2_Stream0_IRQn=true\:0\:0\:false\:false\:true
NVIC.DMA2_Stream1_IRQn=true\:0\:0\:false\:false\:true
NVIC.DMA2_Stream2_IRQn=true\:0\:0\:false\:false\:true
NVIC.DMA2_Stream3_IRQn=true\:0\:0\:false\:false\:true
NVIC.DMA2_Stream4_IRQn=true\:0\:0\:false\:false\:true
NVIC.DMA2_Stream5_IRQn=true\:0\:0\:false\:false\:true
NVIC.DMA2_Stream6_IRQn=true\:0\:0\:false\:false\:true
NVIC.DMA2_Stream7_IRQn=true\:0\:0\:false\:false\:true
NVIC.DebugMonitor_IRQn=true\:0\:0\:false\:false\:true
NVIC.HardFault_IRQn=true\:0\:0\:false\:false\:true
NVIC.MemoryManagement_IRQn=true\:0\:0\:false\:false\:true
NVIC.NonMaskableInt_IRQn=true\:0\:0\:false\:false\:true
NVIC.PendSV_IRQn=true\:0\:0\:false\:false\:true
NVIC.PriorityGroup=NVIC_PRIORITYGROUP_4
NVIC.SPI1_IRQn=true\:0\:0\:false\:false\:true
NVIC.SPI2_IRQn=true\:0\:0\:false\:false\:true
NVIC.SPI3_IRQn=true\:0\:0\:false\:false\:true
NVIC.SPI4_IRQn=true\:0\:0\:false\:false\:true
NVIC.SVCall_IRQn=true\:0\:0\:false\:false\:true
NVIC.SysTick_IRQn=true\:0\:0\:false\:false\:true
NVIC.USART1_IRQn=true\:0\:0\:false\:false\:true
NVIC.USART2_IRQn=true\:0\:0\:false\:false\:true
NVIC.UsageFault_IRQn=true\:0\:0\:false\:false\:true
PA0/WKUP.Mode=CTS_RTS
PA0/WKUP.Signal=USART2_CTS
PA1.Mode=CTS_RTS
PA1.Signal=USART2_RTS
PA10.Mode=Asynchronous
PA10.Signal=USART1_RX
PA11.Mode=CTS_RTS
PA11.Signal=USART1_CTS
PA12.Mode=CTS_RTS
PA12.Signal=USART1_RTS
PA13.Mode=Serial_Wire
PA13.Signal=SYS_JTMS-SWDIO
PA14.Mode=Serial_Wire
PA14.Signal=SYS_JTCK-SWCLK
PA15.Mode=NSS_Signal_Hard_Output
PA15.Signal=SPI3_NSS
PA2.Mode=Asynchronous
PA2.Signal=USART2_TX
PA3.Mode=Asynchronous
PA3.Signal=USART2_RX
PA4.Mode=NSS_Signal_Hard_Output
PA4.Signal=SPI1_NSS
PA5.Mode=Full_Duplex_Master
PA5.Signal=SPI1_SCK
PA6.Mode=Full_Duplex_Master
PA6.Signal=SPI1_MISO
PA7.Mode=Full_Duplex_Master
PA7.Signal=SPI1_MOSI
PA8.GPIOParameters=GPIO_Label
PA8.GPIO_Label=ESP_RESET
PA8.Locked=true
PA8.Signal=GPIO_Output
PA9.Mode=Asynchronous
PA9.Signal=USART1_TX
PB0.GPIOParameters=GPIO_Label
PB0.GPIO_Label=AD_RESET
PB0.Locked=true
PB0.Signal=GPIO_Output
PB1.GPIOParameters=GPIO_Label
PB1.GPIO_Label=LED_RED
PB1.Locked=true
PB1.Signal=GPIO_Output
PB10.GPIOParameters=GPIO_Label
PB10.GPIO_Label=LED_GREEN
PB10.Locked=true
PB10.Signal=GPIO_Output
PB11.GPIOParameters=GPIO_Label
PB11.GPIO_Label=AD2_DRDY
PB11.Locked=true
PB11.Signal=GPIO_Input
PB12.Mode=NSS_Signal_Hard_Output
PB12.Signal=SPI2_NSS
PB13.Locked=true
PB13.Mode=Full_Duplex_Master
PB13.Signal=SPI2_SCK
PB14.Locked=true
PB14.Mode=Full_Duplex_Master
PB14.Signal=SPI2_MISO
PB15.Locked=true
PB15.Mode=Full_Duplex_Master
PB15.Signal=SPI2_MOSI
PB3.Mode=Full_Duplex_Master
PB3.Signal=SPI3_SCK
PB4.Mode=Full_Duplex_Master
PB4.Signal=SPI3_MISO
PB5.Locked=true
PB5.Mode=Full_Duplex_Master
PB5.Signal=SPI3_MOSI
PB6.GPIOParameters=GPIO_Label
PB6.GPIO_Label=AD3_START
PB6.Locked=true
PB6.Signal=GPIO_Output
PB7.GPIOParameters=GPIO_Label
PB7.GPIO_Label=AD3_RESET
PB7.Locked=true
PB7.Signal=GPIO_Output
PC13.GPIOParameters=GPIO_Label
PC13.GPIO_Label=LED_YELLOW
PC13.Locked=true
PC13.Signal=GPIO_Output
PC4.GPIOParameters=GPIO_Label
PC4.GPIO_Label=AD_DRDY
PC4.Locked=true
PC4.Signal=GPIO_Input
PC5.GPIOParameters=GPIO_Label
PC5.GPIO_Label=AD_START
PC5.Locked=true
PC5.Signal=GPIO_Output
PC6.Mode=Asynchronous
PC6.Signal=USART6_TX
PC7.Mode=Asynchronous
PC7.Signal=USART6_RX
PCC.Battery=Alkaline(AA LR6)
PCC.Battery.Capacity=2850.0
PCC.Battery.Compatibility=Yes
PCC.Battery.InParallel=1
PCC.Battery.InSeries=3
PCC.Battery.MaxContinuous=1000.0
PCC.Battery.MaxPulseCurrent=0.0
PCC.Battery.NominalVoltage=1.5
PCC.Battery.SelfDischarge=0.3
PCC.Checker=false
PCC.Line=STM32F427/437
PCC.MCU=STM32F427V(G-I)Tx
PCC.MXVersion=4.18.0
PCC.PartNumber=STM32F427VITx
PCC.Seq0=1
PCC.Seq0.Step0.Average_Current=56.66 mA
PCC.Seq0.Step0.CPU_Frequency=180.0 MHz
PCC.Seq0.Step0.Category=In DS Table
PCC.Seq0.Step0.DMIPS=225.0
PCC.Seq0.Step0.Duration=1 ms
PCC.Seq0.Step0.Frequency=4.0 MHz
PCC.Seq0.Step0.Memory=RAM/FLASH/ART
PCC.Seq0.Step0.Mode=RUN
PCC.Seq0.Step0.Oscillator=HSE PLL
PCC.Seq0.Step0.Peripherals=DMA1 DMA2 GPIOA GPIOB GPIOC GPIOD GPIOE GPIOH SPI1 SPI2 SPI3 SPI4 SYS USART1
PCC.Seq0.Step0.TaMax=96.96
PCC.Seq0.Step0.User's_Consumption=0 mA
PCC.Seq0.Step0.Vcore=Scale1-High
PCC.Seq0.Step0.Vdd=3.3
PCC.Seq0.Step0.Voltage_Source=Battery
PCC.Series=STM32F4
PCC.Temperature=25
PCC.Vdd=3.3
PD12.GPIOParameters=GPIO_Label
PD12.GPIO_Label=AD2_START
PD12.Locked=true
PD12.Signal=GPIO_Output
PD13.GPIOParameters=GPIO_Label
PD13.GPIO_Label=AD2_RESET
PD13.Locked=true
PD13.Signal=GPIO_Output
PD3.GPIOParameters=GPIO_Label
PD3.GPIO_Label=LED_BLUE
PD3.Locked=true
PD3.Signal=GPIO_Output
PD6.GPIOParameters=GPIO_Label
PD6.GPIO_Label=AD3_DRDY
PD6.Locked=true
PD6.Signal=GPIO_Input
PE0.GPIOParameters=GPIO_Label
PE0.GPIO_Label=AD4_DRDY
PE0.Locked=true
PE0.Signal=GPIO_Input
PE1.GPIOParameters=GPIO_Label
PE1.GPIO_Label=AD4_START
PE1.Locked=true
PE1.Signal=GPIO_Output
PE2.Mode=Full_Duplex_Master
PE2.Signal=SPI4_SCK
PE3.GPIOParameters=GPIO_Label
PE3.GPIO_Label=AD4_RESET
PE3.Locked=true
PE3.Signal=GPIO_Output
PE4.Mode=NSS_Signal_Hard_Output
PE4.Signal=SPI4_NSS
PE5.Mode=Full_Duplex_Master
PE5.Signal=SPI4_MISO
PE6.Mode=Full_Duplex_Master
PE6.Signal=SPI4_MOSI
PH0/OSC_IN.Mode=HSE-External-Oscillator
PH0/OSC_IN.Signal=RCC_OSC_IN
PH1/OSC_OUT.Mode=HSE-External-Oscillator
PH1/OSC_OUT.Signal=RCC_OSC_OUT
ProjectManager.AskForMigrate=true
ProjectManager.BackupPrevious=true
ProjectManager.CompilerOptimize=2
ProjectManager.ComputerToolchain=false
ProjectManager.CoupleFile=false
ProjectManager.CustomerFirmwarePackage=
ProjectManager.DefaultFWLocation=true
ProjectManager.DeletePrevious=true
ProjectManager.DeviceId=STM32F427VITx
ProjectManager.FirmwarePackage=STM32Cube FW_F4 V1.14.0
ProjectManager.FreePins=false
ProjectManager.HalAssertFull=false
ProjectManager.HeapSize=0x200
ProjectManager.KeepUserCode=true
ProjectManager.LastFirmware=true
ProjectManager.LibraryCopy=1
ProjectManager.PreviousToolchain=SW4STM32
ProjectManager.ProjectBuild=false
ProjectManager.ProjectFileName=STM32F427VI.ioc
ProjectManager.ProjectName=STM32F427VI
ProjectManager.StackSize=0x400
ProjectManager.TargetToolchain=SW4STM32
ProjectManager.ToolChainLocation=/home/dmitryneuro/workspace_stm32/STM32F427VI
ProjectManager.UnderRoot=true
ProjectManager.functionlistsort=1-MX_GPIO_Init-GPIO-false-HAL,2-MX_DMA_Init-DMA-false-HAL,3-SystemClock_Config-RCC-false-HAL,4-MX_SPI1_Init-SPI1-false-HAL,5-MX_USART2_UART_Init-USART2-false-HAL,6-MX_SPI2_Init-SPI2-false-HAL,7-MX_SPI3_Init-SPI3-false-HAL,8-MX_SPI4_Init-SPI4-false-HAL,9-MX_USART1_UART_Init-USART1-false-HAL,10-MX_USART6_UART_Init-USART6-false-HAL
RCC.48MHZClocksFreq_Value=51428571.428571425
RCC.AHBFreq_Value=180000000
RCC.APB1CLKDivider=RCC_HCLK_DIV4
RCC.APB1Freq_Value=45000000
RCC.APB1TimFreq_Value=90000000
RCC.APB2CLKDivider=RCC_HCLK_DIV2
RCC.APB2Freq_Value=90000000
RCC.APB2TimFreq_Value=180000000
RCC.CortexFreq_Value=180000000
RCC.EthernetFreq_Value=180000000
RCC.FCLKCortexFreq_Value=180000000
RCC.FamilyName=M
RCC.HCLKFreq_Value=180000000
RCC.HSE_VALUE=8000000
RCC.HSI_VALUE=16000000
RCC.I2SClocksFreq_Value=192000000
RCC.IPParameters=48MHZClocksFreq_Value,AHBFreq_Value,APB1CLKDivider,APB1Freq_Value,APB1TimFreq_Value,APB2CLKDivider,APB2Freq_Value,APB2TimFreq_Value,CortexFreq_Value,EthernetFreq_Value,FCLKCortexFreq_Value,FamilyName,HCLKFreq_Value,HSE_VALUE,HSI_VALUE,I2SClocksFreq_Value,LSE_VALUE,LSI_VALUE,MCO2PinFreq_Value,PLLCLKFreq_Value,PLLM,PLLN,PLLQ,PLLQCLKFreq_Value,PLLSourceVirtual,RTCFreq_Value,RTCHSEDivFreq_Value,SAI_AClocksFreq_Value,SAI_BClocksFreq_Value,SYSCLKFreq_VALUE,SYSCLKSource,VCOI2SOutputFreq_Value,VCOInputFreq_Value,VCOOutputFreq_Value,VCOSAIOutputFreq_Value,VCOSAIOutputFreq_ValueQ,VcooutputI2S,VcooutputI2SQ
RCC.LSE_VALUE=32768
RCC.LSI_VALUE=32000
RCC.MCO2PinFreq_Value=180000000
RCC.PLLCLKFreq_Value=180000000
RCC.PLLM=4
RCC.PLLN=180
RCC.PLLQ=7
RCC.PLLQCLKFreq_Value=51428571.428571425
RCC.PLLSourceVirtual=RCC_PLLSOURCE_HSE
RCC.RTCFreq_Value=32000
RCC.RTCHSEDivFreq_Value=4000000
RCC.SAI_AClocksFreq_Value=24500000
RCC.SAI_BClocksFreq_Value=24500000
RCC.SYSCLKFreq_VALUE=180000000
RCC.SYSCLKSource=RCC_SYSCLKSOURCE_PLLCLK
RCC.VCOI2SOutputFreq_Value=384000000
RCC.VCOInputFreq_Value=2000000
RCC.VCOOutputFreq_Value=360000000
RCC.VCOSAIOutputFreq_Value=98000000
RCC.VCOSAIOutputFreq_ValueQ=24500000
RCC.VcooutputI2S=192000000
RCC.VcooutputI2SQ=192000000
SPI1.BaudRatePrescaler=SPI_BAUDRATEPRESCALER_8
SPI1.CalculateBaudRate=11.25 MBits/s
SPI1.IPParameters=Mode,CalculateBaudRate,VirtualNSS,BaudRatePrescaler
SPI1.Mode=SPI_MODE_MASTER
SPI1.VirtualNSS=VM_NSSHARD
SPI2.BaudRatePrescaler=SPI_BAUDRATEPRESCALER_4
SPI2.CalculateBaudRate=11.25 MBits/s
SPI2.IPParameters=Mode,CalculateBaudRate,VirtualNSS,BaudRatePrescaler
SPI2.Mode=SPI_MODE_MASTER
SPI2.VirtualNSS=VM_NSSHARD
SPI3.BaudRatePrescaler=SPI_BAUDRATEPRESCALER_4
SPI3.CalculateBaudRate=11.25 MBits/s
SPI3.IPParameters=Mode,CalculateBaudRate,VirtualNSS,BaudRatePrescaler
SPI3.Mode=SPI_MODE_MASTER
SPI3.VirtualNSS=VM_NSSHARD
SPI4.BaudRatePrescaler=SPI_BAUDRATEPRESCALER_8
SPI4.CalculateBaudRate=11.25 MBits/s
SPI4.IPParameters=Mode,CalculateBaudRate,VirtualNSS,BaudRatePrescaler
SPI4.Mode=SPI_MODE_MASTER
SPI4.VirtualNSS=VM_NSSHARD
USART1.BaudRate=930232
USART1.IPParameters=BaudRate
VP_SYS_VS_Systick.Mode=SysTick
VP_SYS_VS_Systick.Signal=SYS_VS_Systick
board=STM32F427VI
